
Microsoft Visual Studio Solution File, Format Version 12.00
# Visual Studio 15
VisualStudioVersion = 15.0.27130.2010
MinimumVisualStudioVersion = 10.0.40219.1
Project("{FAE04EC0-301F-11D3-BF4B-00C04F79EFBC}") = "Digishui.NET", "Digishui.NET\Digishui.NET.csproj", "{060E81A4-2039-4642-ADDF-D207AB737A1C}"
EndProject
Global
	GlobalSection(SolutionConfigurationPlatforms) = preSolution
		Debug|Any CPU = Debug|Any CPU
		Release|Any CPU = Release|Any CPU
	EndGlobalSection
	GlobalSection(ProjectConfigurationPlatforms) = postSolution
		{060E81A4-2039-4642-ADDF-D207AB737A1C}.Debug|Any CPU.ActiveCfg = Debug|Any CPU
		{060E81A4-2039-4642-ADDF-D207AB737A1C}.Debug|Any CPU.Build.0 = Debug|Any CPU
		{060E81A4-2039-4642-ADDF-D207AB737A1C}.Release|Any CPU.ActiveCfg = Release|Any CPU
		{060E81A4-2039-4642-ADDF-D207AB737A1C}.Release|Any CPU.Build.0 = Release|Any CPU
	EndGlobalSection
	GlobalSection(SolutionProperties) = preSolution
		HideSolutionNode = FALSE
	EndGlobalSection
	GlobalSection(ExtensibilityGlobals) = postSolution
		SolutionGuid = {0EDBD124-BE87-4F03-AF52-74B1C8A5F53F}
	EndGlobalSection
EndGlobal
